dependencies:
- name: prometheus
  repository: https://prometheus-community.github.io/helm-charts
  version: 27.5.1
- name: grafana
  repository: file://charts/grafana
  version: 8.10.1
digest: sha256:903833ddb5756c259472ac00e70c1133cdae19ce13c719dba19a145baea46f4d
generated: "2025-03-09T18:52:07.898354Z"
